
Microsoft Visual Studio Solution File, Format Version 12.00
# Visual Studio 15
VisualStudioVersion = 15.0.28307.779
MinimumVisualStudioVersion = 10.0.40219.1
Project("{FAE04EC0-301F-11D3-BF4B-00C04F79EFBC}") = "MvcAlphabeticSearch_Demo", "MvcAlphabeticSearch_Demo\MvcAlphabeticSearch_Demo.csproj", "{070B4F5A-0E20-4DAB-B9FC-10E8D52ED2D6}"
EndProject
Global
	GlobalSection(SolutionConfigurationPlatforms) = preSolution
		Debug|Any CPU = Debug|Any CPU
		Release|Any CPU = Release|Any CPU
	EndGlobalSection
	GlobalSection(ProjectConfigurationPlatforms) = postSolution
		{070B4F5A-0E20-4DAB-B9FC-10E8D52ED2D6}.Debug|Any CPU.ActiveCfg = Debug|Any CPU
		{070B4F5A-0E20-4DAB-B9FC-10E8D52ED2D6}.Debug|Any CPU.Build.0 = Debug|Any CPU
		{070B4F5A-0E20-4DAB-B9FC-10E8D52ED2D6}.Release|Any CPU.ActiveCfg = Release|Any CPU
		{070B4F5A-0E20-4DAB-B9FC-10E8D52ED2D6}.Release|Any CPU.Build.0 = Release|Any CPU
	EndGlobalSection
	GlobalSection(SolutionProperties) = preSolution
		HideSolutionNode = FALSE
	EndGlobalSection
	GlobalSection(ExtensibilityGlobals) = postSolution
		SolutionGuid = {36D15AF2-5AF7-4AE0-800B-6E3032424A87}
	EndGlobalSection
EndGlobal
